// !$*UTF8*$!
{
	archiveVersion = 1;
	classes = {
	};
	objectVersion = 46;
	objects = {

/* Begin PBXBuildFile section */
		73333A241D9C48CA00D0003F /* start.txt in Resources */ = {isa = PBXBuildFile; fileRef = 73333A231D9C48CA00D0003F /* start.txt */; };
		73CA68D51D9ABE1500773F37 /* AppDelegate.swift in Sources */ = {isa = PBXBuildFile; fileRef = 73CA68D41D9ABE1500773F37 /* AppDelegate.swift */; };
		73CA68D71D9ABE1500773F37 /* ViewController.swift in Sources */ = {isa = PBXBuildFile; fileRef = 73CA68D61D9ABE1500773F37 /* ViewController.swift */; };
		73CA68DA1D9ABE1500773F37 /* Main.storyboard in Resources */ = {isa = PBXBuildFile; fileRef = 73CA68D81D9ABE1500773F37 /* Main.storyboard */; };
		73CA68DC1D9ABE1500773F37 /* Assets.xcassets in Resources */ = {isa = PBXBuildFile; fileRef = 73CA68DB1D9ABE1500773F37 /* Assets.xcassets */; };
		73CA68DF1D9ABE1500773F37 /* LaunchScreen.storyboard in Resources */ = {isa = PBXBuildFile; fileRef = 73CA68DD1D9ABE1500773F37 /* LaunchScreen.storyboard */; };
/* End PBXBuildFile section */

/* Begin PBXFileReference section */
		73333A231D9C48CA00D0003F /* start.txt */ = {isa = PBXFileReference; fileEncoding = 4; lastKnownFileType = text; path = start.txt; sourceTree = "<group>"; };
		73CA68D11D9ABE1500773F37 /* Word Scramble.app */ = {isa = PBXFileReference; explicitFileType = wrapper.application; includeInIndex = 0; path = "Word Scramble.app"; sourceTree = BUILT_PRODUCTS_DIR; };
		73CA68D41D9ABE1500773F37 /* AppDelegate.swift */ = {isa = PBXFileReference; lastKnownFileType = sourcecode.swift; path = AppDelegate.swift; sourceTree = "<group>"; };
		73CA68D61D9ABE1500773F37 /* ViewController.swift */ = {isa = PBXFileReference; lastKnownFileType = sourcecode.swift; path = ViewController.swift; sourceTree = "<group>"; };
		73CA68D91D9ABE1500773F37 /* Base */ = {isa = PBXFileReference; lastKnownFileType = file.storyboard; name = Base; path = Base.lproj/Main.storyboard; sourceTree = "<group>"; };
		73CA68DB1D9ABE1500773F37 /* Assets.xcassets */ = {isa = PBXFileReference; lastKnownFileType = folder.assetcatalog; path = Assets.xcassets; sourceTree = "<group>"; };
		73CA68DE1D9ABE1500773F37 /* Base */ = {isa = PBXFileReference; lastKnownFileType = file.storyboard; name = Base; path = Base.lproj/LaunchScreen.storyboard; sourceTree = "<group>"; };
		73CA68E01D9ABE1500773F37 /* Info.plist */ = {isa = PBXFileReference; lastKnownFileType = text.plist.xml; path = Info.plist; sourceTree = "<group>"; };
/* End PBXFileReference section */

/* Begin PBXFrameworksBuildPhase section */
		73CA68CE1D9ABE1500773F37 /* Frameworks */ = {
			isa = PBXFrameworksBuildPhase;
			buildActionMask = 2147483647;
			files = (
			);
			runOnlyForDeploymentPostprocessing = 0;
		};
/* End PBXFrameworksBuildPhase section */

/* Begin PBXGroup section */
		73CA68C81D9ABE1500773F37 = {
			isa = PBXGroup;
			children = (
				73CA68D31D9ABE1500773F37 /* Word Scramble */,
				73CA68D21D9ABE1500773F37 /* Products */,
			);
			sourceTree = "<group>";
		};
		73CA68D21D9ABE1500773F37 /* Products */ = {
			isa = PBXGroup;
			children = (
				73CA68D11D9ABE1500773F37 /* Word Scramble.app */,
			);
			name = Products;
			sourceTree = "<group>";
		};
		73CA68D31D9ABE1500773F37 /* Word Scramble */ = {
			isa = PBXGroup;
			children = (
				73CA68D41D9ABE1500773F37 /* AppDelegate.swift */,
				73CA68D61D9ABE1500773F37 /* ViewController.swift */,
				73CA68D81D9ABE1500773F37 /* Main.storyboard */,
				73CA68DB1D9ABE1500773F37 /* Assets.xcassets */,
				73CA68DD1D9ABE1500773F37 /* LaunchScreen.storyboard */,
				73CA68E01D9ABE1500773F37 /* Info.plist */,
				73333A231D9C48CA00D0003F /* start.txt */,
			);
			path = "Word Scramble";
			sourceTree = "<group>";
		};
/* End PBXGroup section */

/* Begin PBXNativeTarget section */
		73CA68D01D9ABE1500773F37 /* Word Scramble */ = {
			isa = PBXNativeTarget;
			buildConfigurationList = 73CA68E31D9ABE1500773F37 /* Build configuration list for PBXNativeTarget "Word Scramble" */;
			buildPhases = (
				73CA68CD1D9ABE1500773F37 /* Sources */,
				73CA68CE1D9ABE1500773F37 /* Frameworks */,
				73CA68CF1D9ABE1500773F37 /* Resources */,
			);
			buildRules = (
			);
			dependencies = (
			);
			name = "Word Scramble";
			productName = "Word Scramble";
			productReference = 73CA68D11D9ABE1500773F37 /* Word Scramble.app */;
			productType = "com.apple.product-type.application";
		};
/* End PBXNativeTarget section */

/* Begin PBXProject section */
		73CA68C91D9ABE1500773F37 /* Project object */ = {
			isa = PBXProject;
			attributes = {
				LastSwiftUpdateCheck = 0800;
				LastUpgradeCheck = 0800;
				ORGANIZATIONNAME = "Andre Dias";
				TargetAttributes = {
					73CA68D01D9ABE1500773F37 = {
						CreatedOnToolsVersion = 8.0;
						DevelopmentTeam = C2Z9K594GA;
						ProvisioningStyle = Automatic;
					};
				};
			};
			buildConfigurationList = 73CA68CC1D9ABE1500773F37 /* Build configuration list for PBXProject "Word Scramble" */;
			compatibilityVersion = "Xcode 3.2";
			developmentRegion = English;
			hasScannedForEncodings = 0;
			knownRegions = (
				en,
				Base,
			);
			mainGroup = 73CA68C81D9ABE1500773F37;
			productRefGroup = 73CA68D21D9ABE1500773F37 /* Products */;
			projectDirPath = "";
			projectRoot = "";
			targets = (
				73CA68D01D9ABE1500773F37 /* Word Scramble */,
			);
		};
/* End PBXProject section */

/* Begin PBXResourcesBuildPhase section */
		73CA68CF1D9ABE1500773F37 /* Resources */ = {
			isa = PBXResourcesBuildPhase;
			buildActionMask = 2147483647;
			files = (
				73CA68DF1D9ABE1500773F37 /* LaunchScreen.storyboard in Resources */,
				73333A241D9C48CA00D0003F /* start.txt in Resources */,
				73CA68DC1D9ABE1500773F37 /* Assets.xcassets in Resources */,
				73CA68DA1D9ABE1500773F37 /* Main.storyboard in Resources */,
			);
			runOnlyForDeploymentPostprocessing = 0;
		};
/* End PBXResourcesBuildPhase section */

/* Begin PBXSourcesBuildPhase section */
		73CA68CD1D9ABE1500773F37 /* Sources */ = {
			isa = PBXSourcesBuildPhase;
			buildActionMask = 2147483647;
			files = (
				73CA68D71D9ABE1500773F37 /* ViewController.swift in Sources */,
				73CA68D51D9ABE1500773F37 /* AppDelegate.swift in Sources */,
			);
			runOnlyForDeploymentPostprocessing = 0;
		};
/* End PBXSourcesBuildPhase section */

/* Begin PBXVariantGroup section */
		73CA68D81D9ABE1500773F37 /* Main.storyboard */ = {
			isa = PBXVariantGroup;
			children = (
				73CA68D91D9ABE1500773F37 /* Base */,
			);
			name = Main.storyboard;
			sourceTree = "<group>";
		};
		73CA68DD1D9ABE1500773F37 /* LaunchScreen.storyboard */ = {
			isa = PBXVariantGroup;
			children = (
				73CA68DE1D9ABE1500773F37 /* Base */,
			);
			name = LaunchScreen.storyboard;
			sourceTree = "<group>";
		};
/* End PBXVariantGroup section */

/* Begin XCBuildConfiguration section */
		73CA68E11D9ABE1500773F37 /* Debug */ = {
			isa = XCBuildConfiguration;
			buildSettings = {
				ALWAYS_SEARCH_USER_PATHS = NO;
				CLANG_ANALYZER_NONNULL = YES;
				CLANG_CXX_LANGUAGE_STANDARD = "gnu++0x";
				CLANG_CXX_LIBRARY = "libc++";
				CLANG_ENABLE_MODULES = YES;
				CLANG_ENABLE_OBJC_ARC = YES;
				CLANG_WARN_BOOL_CONVERSION = YES;
				CLANG_WARN_CONSTANT_CONVERSION = YES;
				CLANG_WARN_DIRECT_OBJC_ISA_USAGE = YES_ERROR;
				CLANG_WARN_DOCUMENTATION_COMMENTS = YES;
				CLANG_WARN_EMPTY_BODY = YES;
				CLANG_WARN_ENUM_CONVERSION = YES;
				CLANG_WARN_INFINITE_RECURSION = YES;
				CLANG_WARN_INT_CONVERSION = YES;
				CLANG_WARN_OBJC_ROOT_CLASS = YES_ERROR;
				CLANG_WARN_SUSPICIOUS_MOVES = YES;
				CLANG_WARN_UNREACHABLE_CODE = YES;
				CLANG_WARN__DUPLICATE_METHOD_MATCH = YES;
				"CODE_SIGN_IDENTITY[sdk=iphoneos*]" = "iPhone Developer";
				COPY_PHASE_STRIP = NO;
				DEBUG_INFORMATION_FORMAT = dwarf;
				ENABLE_STRICT_OBJC_MSGSEND = YES;
				ENABLE_TESTABILITY = YES;
				GCC_C_LANGUAGE_STANDARD = gnu99;
				GCC_DYNAMIC_NO_PIC = NO;
				GCC_NO_COMMON_BLOCKS = YES;
				GCC_OPTIMIZATION_LEVEL = 0;
				GCC_PREPROCESSOR_DEFINITIONS = (
					"DEBUG=1",
					"$(inherited)",
				);
				GCC_WARN_64_TO_32_BIT_CONVERSION = YES;
				GCC_WARN_ABOUT_RETURN_TYPE = YES_ERROR;
				GCC_WARN_UNDECLARED_SELECTOR = YES;
				GCC_WARN_UNINITIALIZED_AUTOS = YES_AGGRESSIVE;
				GCC_WARN_UNUSED_FUNCTION = YES;
				GCC_WARN_UNUSED_VARIABLE = YES;
				IPHONEOS_DEPLOYMENT_TARGET = 10.0;
				MTL_ENABLE_DEBUG_INFO = YES;
				ONLY_ACTIVE_ARCH = YES;
				SDKROOT = iphoneos;
				SWIFT_ACTIVE_COMPILATION_CONDITIONS = DEBUG;
				SWIFT_OPTIMIZATION_LEVEL = "-Onone";
			};
			name = Debug;
		};
		73CA68E21D9ABE1500773F37 /* Release */ = {
			isa = XCBuildConfiguration;
			buildSettings = {
				ALWAYS_SEARCH_USER_PATHS = NO;
				CLANG_ANALYZER_NONNULL = YES;
				CLANG_CXX_LANGUAGE_STANDARD = "gnu++0x";
				CLANG_CXX_LIBRARY = "libc++";
				CLANG_ENABLE_MODULES = YES;
				CLANG_ENABLE_OBJC_ARC = YES;
				CLANG_WARN_BOOL_CONVERSION = YES;
				CLANG_WARN_CONSTANT_CONVERSION = YES;
				CLANG_WARN_DIRECT_OBJC_ISA_USAGE = YES_ERROR;
				CLANG_WARN_DOCUMENTATION_COMMENTS = YES;
				CLANG_WARN_EMPTY_BODY = YES;
				CLANG_WARN_ENUM_CONVERSION = YES;
				CLANG_WARN_INFINITE_RECURSION = YES;
				CLANG_WARN_INT_CONVERSION = YES;
				CLANG_WARN_OBJC_ROOT_CLASS = YES_ERROR;
				CLANG_WARN_SUSPICIOUS_MOVES = YES;
				CLANG_WARN_UNREACHABLE_CODE = YES;
				CLANG_WARN__DUPLICATE_METHOD_MATCH = YES;
				"CODE_SIGN_IDENTITY[sdk=iphoneos*]" = "iPhone Developer";
				COPY_PHASE_STRIP = NO;
				DEBUG_INFORMATION_FORMAT = "dwarf-with-dsym";
				ENABLE_NS_ASSERTIONS = NO;
				ENABLE_STRICT_OBJC_MSGSEND = YES;
				GCC_C_LANGUAGE_STANDARD = gnu99;
				GCC_NO_COMMON_BLOCKS = YES;
				GCC_WARN_64_TO_32_BIT_CONVERSION = YES;
				GCC_WARN_ABOUT_RETURN_TYPE = YES_ERROR;
				GCC_WARN_UNDECLARED_SELECTOR = YES;
				GCC_WARN_UNINITIALIZED_AUTOS = YES_AGGRESSIVE;
				GCC_WARN_UNUSED_FUNCTION = YES;
				GCC_WARN_UNUSED_VARIABLE = YES;
				IPHONEOS_DEPLOYMENT_TARGET = 10.0;
				MTL_ENABLE_DEBUG_INFO = NO;
				SDKROOT = iphoneos;
				SWIFT_OPTIMIZATION_LEVEL = "-Owholemodule";
				VALIDATE_PRODUCT = YES;
			};
			name = Release;
		};
		73CA68E41D9ABE1500773F37 /* Debug */ = {
			isa = XCBuildConfiguration;
			buildSettings = {
				ASSETCATALOG_COMPILER_APPICON_NAME = AppIcon;
				DEVELOPMENT_TEAM = C2Z9K594GA;
				INFOPLIST_FILE = "Word Scramble/Info.plist";
				LD_RUNPATH_SEARCH_PATHS = "$(inherited) @executable_path/Frameworks";
				PRODUCT_BUNDLE_IDENTIFIER = "concretesolutions.Word-Scramble";
				PRODUCT_NAME = "$(TARGET_NAME)";
				SWIFT_VERSION = 3.0;
			};
			name = Debug;
		};
		73CA68E51D9ABE1500773F37 /* Release */ = {
			isa = XCBuildConfiguration;
			buildSettings = {
				ASSETCATALOG_COMPILER_APPICON_NAME = AppIcon;
				DEVELOPMENT_TEAM = C2Z9K594GA;
				INFOPLIST_FILE = "Word Scramble/Info.plist";
				LD_RUNPATH_SEARCH_PATHS = "$(inherited) @executable_path/Frameworks";
				PRODUCT_BUNDLE_IDENTIFIER = "concretesolutions.Word-Scramble";
				PRODUCT_NAME = "$(TARGET_NAME)";
				SWIFT_VERSION = 3.0;
			};
			name = Release;
		};
/* End XCBuildConfiguration section */

/* Begin XCConfigurationList section */
		73CA68CC1D9ABE1500773F37 /* Build configuration list for PBXProject "Word Scramble" */ = {
			isa = XCConfigurationList;
			buildConfigurations = (
				73CA68E11D9ABE1500773F37 /* Debug */,
				73CA68E21D9ABE1500773F37 /* Release */,
			);
			defaultConfigurationIsVisible = 0;
			defaultConfigurationName = Release;
		};
		73CA68E31D9ABE1500773F37 /* Build configuration list for PBXNativeTarget "Word Scramble" */ = {
			isa = XCConfigurationList;
			buildConfigurations = (
				73CA68E41D9ABE1500773F37 /* Debug */,
				73CA68E51D9ABE1500773F37 /* Release */,
			);
			defaultConfigurationIsVisible = 0;
			defaultConfigurationName = Release;
		};
/* End XCConfigurationList section */
	};
	rootObject = 73CA68C91D9ABE1500773F37 /* Project object */;
}
